{
  "name": "agricolamarquez",
  "version": "1.0.0",
  "lockfileVersion": 1,
  "requires": true,
  "dependencies": {
    "fabric": {
      "version": "1.7.18",
      "resolved": "https://registry.npmjs.org/fabric/-/fabric-1.7.18.tgz",
      "integrity": "sha1-oZfUW1JQ1rYQ8+1GDMurbQM+CCg=",
      "requires": {
        "xmldom": "0.1.27"
      }
    },
    "xmldom": {
      "version": "0.1.27",
      "resolved": "https://registry.npmjs.org/xmldom/-/xmldom-0.1.27.tgz",
      "integrity": "sha1-1QH5ezvbQDr4757MIFcxh6rawOk=",
      "optional": true
    }
  }
}
